# THIS IS AN AUTOGENERATED FILE. DO NOT EDIT THIS FILE DIRECTLY.
# yarn lockfile v1


typescript@^4.8.0-beta:
  version "4.8.0-dev.20220729"
  resolved "https://registry.yarnpkg.com/typescript/-/typescript-4.8.0-dev.20220729.tgz#20acc26f4435bb63d0d93c22c513eea23bc6725e"
  integrity sha512-z+G8JjBcEA+D7iGniz0xhHU1oArnTKkYHiq/RuF32b1tz8zevpNbnAAIB7DyX1u0USY0XnDNbQIjWlbgdbb16w==
